
Microsoft Visual Studio Solution File, Format Version 12.00
# Visual Studio 2013
VisualStudioVersion = 12.0.21005.1
MinimumVisualStudioVersion = 10.0.40219.1
Project("{FAE04EC0-301F-11D3-BF4B-00C04F79EFBC}") = "CrowdChat.Client", "CrowdChat.Client\CrowdChat.Client.csproj", "{3E3C1598-0E62-477A-84F2-68F416D57527}"
EndProject
Project("{FAE04EC0-301F-11D3-BF4B-00C04F79EFBC}") = "CrowdChat.Models", "CrowdChat.Models\CrowdChat.Models.csproj", "{0E45920E-F424-4F5F-BAEB-6F4F91A7A993}"
EndProject
Project("{FAE04EC0-301F-11D3-BF4B-00C04F79EFBC}") = "CrowdChat.Data", "CrowdChat.Data\CrowdChat.Data.csproj", "{3ADF5B1B-F852-485D-9093-EC995D57976E}"
EndProject
Global
	GlobalSection(SolutionConfigurationPlatforms) = preSolution
		Debug|Any CPU = Debug|Any CPU
		Release|Any CPU = Release|Any CPU
	EndGlobalSection
	GlobalSection(ProjectConfigurationPlatforms) = postSolution
		{3E3C1598-0E62-477A-84F2-68F416D57527}.Debug|Any CPU.ActiveCfg = Debug|Any CPU
		{3E3C1598-0E62-477A-84F2-68F416D57527}.Debug|Any CPU.Build.0 = Debug|Any CPU
		{3E3C1598-0E62-477A-84F2-68F416D57527}.Release|Any CPU.ActiveCfg = Release|Any CPU
		{3E3C1598-0E62-477A-84F2-68F416D57527}.Release|Any CPU.Build.0 = Release|Any CPU
		{0E45920E-F424-4F5F-BAEB-6F4F91A7A993}.Debug|Any CPU.ActiveCfg = Debug|Any CPU
		{0E45920E-F424-4F5F-BAEB-6F4F91A7A993}.Debug|Any CPU.Build.0 = Debug|Any CPU
		{0E45920E-F424-4F5F-BAEB-6F4F91A7A993}.Release|Any CPU.ActiveCfg = Release|Any CPU
		{0E45920E-F424-4F5F-BAEB-6F4F91A7A993}.Release|Any CPU.Build.0 = Release|Any CPU
		{3ADF5B1B-F852-485D-9093-EC995D57976E}.Debug|Any CPU.ActiveCfg = Debug|Any CPU
		{3ADF5B1B-F852-485D-9093-EC995D57976E}.Debug|Any CPU.Build.0 = Debug|Any CPU
		{3ADF5B1B-F852-485D-9093-EC995D57976E}.Release|Any CPU.ActiveCfg = Release|Any CPU
		{3ADF5B1B-F852-485D-9093-EC995D57976E}.Release|Any CPU.Build.0 = Release|Any CPU
	EndGlobalSection
	GlobalSection(SolutionProperties) = preSolution
		HideSolutionNode = FALSE
	EndGlobalSection
EndGlobal
